
Microsoft Visual Studio Solution File, Format Version 12.00
# Visual Studio 15
VisualStudioVersion = 15.0.28307.271
MinimumVisualStudioVersion = 10.0.40219.1
Project("{FAE04EC0-301F-11D3-BF4B-00C04F79EFBC}") = "Application1", "Application1\Application1.csproj", "{3BC0AC7E-3B3B-4D3F-9CC0-B2BDECC460A6}"
EndProject
Project("{FAE04EC0-301F-11D3-BF4B-00C04F79EFBC}") = "Application2", "Application2\Application2.csproj", "{8A6BCB3E-AF8E-4E9C-AA6D-7434D68B8377}"
EndProject
Project("{FAE04EC0-301F-11D3-BF4B-00C04F79EFBC}") = "Application3", "Application3\Application3.csproj", "{F15B88B4-DFE3-4DF0-B050-B54510861549}"
EndProject
Global
	GlobalSection(SolutionConfigurationPlatforms) = preSolution
		Debug|Any CPU = Debug|Any CPU
		Release|Any CPU = Release|Any CPU
	EndGlobalSection
	GlobalSection(ProjectConfigurationPlatforms) = postSolution
		{3BC0AC7E-3B3B-4D3F-9CC0-B2BDECC460A6}.Debug|Any CPU.ActiveCfg = Debug|Any CPU
		{3BC0AC7E-3B3B-4D3F-9CC0-B2BDECC460A6}.Debug|Any CPU.Build.0 = Debug|Any CPU
		{3BC0AC7E-3B3B-4D3F-9CC0-B2BDECC460A6}.Debug|Any CPU.Deploy.0 = Debug|Any CPU
		{3BC0AC7E-3B3B-4D3F-9CC0-B2BDECC460A6}.Release|Any CPU.ActiveCfg = Release|Any CPU
		{3BC0AC7E-3B3B-4D3F-9CC0-B2BDECC460A6}.Release|Any CPU.Build.0 = Release|Any CPU
		{3BC0AC7E-3B3B-4D3F-9CC0-B2BDECC460A6}.Release|Any CPU.Deploy.0 = Release|Any CPU
		{8A6BCB3E-AF8E-4E9C-AA6D-7434D68B8377}.Debug|Any CPU.ActiveCfg = Debug|Any CPU
		{8A6BCB3E-AF8E-4E9C-AA6D-7434D68B8377}.Debug|Any CPU.Build.0 = Debug|Any CPU
		{8A6BCB3E-AF8E-4E9C-AA6D-7434D68B8377}.Debug|Any CPU.Deploy.0 = Debug|Any CPU
		{8A6BCB3E-AF8E-4E9C-AA6D-7434D68B8377}.Release|Any CPU.ActiveCfg = Release|Any CPU
		{8A6BCB3E-AF8E-4E9C-AA6D-7434D68B8377}.Release|Any CPU.Build.0 = Release|Any CPU
		{8A6BCB3E-AF8E-4E9C-AA6D-7434D68B8377}.Release|Any CPU.Deploy.0 = Release|Any CPU
		{F15B88B4-DFE3-4DF0-B050-B54510861549}.Debug|Any CPU.ActiveCfg = Debug|Any CPU
		{F15B88B4-DFE3-4DF0-B050-B54510861549}.Debug|Any CPU.Build.0 = Debug|Any CPU
		{F15B88B4-DFE3-4DF0-B050-B54510861549}.Debug|Any CPU.Deploy.0 = Debug|Any CPU
		{F15B88B4-DFE3-4DF0-B050-B54510861549}.Release|Any CPU.ActiveCfg = Release|Any CPU
		{F15B88B4-DFE3-4DF0-B050-B54510861549}.Release|Any CPU.Build.0 = Release|Any CPU
		{F15B88B4-DFE3-4DF0-B050-B54510861549}.Release|Any CPU.Deploy.0 = Release|Any CPU
	EndGlobalSection
	GlobalSection(SolutionProperties) = preSolution
		HideSolutionNode = FALSE
	EndGlobalSection
	GlobalSection(ExtensibilityGlobals) = postSolution
		SolutionGuid = {A0BDC039-D06A-425A-88C1-DD9D9194ADAC}
	EndGlobalSection
EndGlobal
